
Microsoft Visual Studio Solution File, Format Version 12.00
# Visual Studio Version 17
VisualStudioVersion = 17.0.31808.319
MinimumVisualStudioVersion = 10.0.40219.1
Project("{2150E333-8FDC-42A3-9474-1A3956D46DE8}") = "Solution Items", "Solution Items", "{DC97C789-F078-4CCA-978E-B7AF26AC7879}"
	ProjectSection(SolutionItems) = preProject
		.editorconfig = .editorconfig
	EndProjectSection
EndProject
Project("{9A19103F-16F7-4668-BE54-9A1E7A4F7556}") = "SixTools", "SixTools\SixTools.csproj", "{27AA444B-5FE4-4C4B-A13D-020F0F506BC1}"
EndProject
Project("{8BC9CEB8-8B4A-11D0-8D11-00A0C91BC942}") = "SixCC.kgt", "SixCC.kgt\SixCC.kgt.vcxproj", "{B844AEC5-3627-4378-BDE2-F7DF48832EF7}"
EndProject
Global
	GlobalSection(SolutionConfigurationPlatforms) = preSolution
		Debug|Any CPU = Debug|Any CPU
		Debug|x64 = Debug|x64
		Debug|x86 = Debug|x86
		Release|Any CPU = Release|Any CPU
		Release|x64 = Release|x64
		Release|x86 = Release|x86
	EndGlobalSection
	GlobalSection(ProjectConfigurationPlatforms) = postSolution
		{27AA444B-5FE4-4C4B-A13D-020F0F506BC1}.Debug|Any CPU.ActiveCfg = Debug|Any CPU
		{27AA444B-5FE4-4C4B-A13D-020F0F506BC1}.Debug|Any CPU.Build.0 = Debug|Any CPU
		{27AA444B-5FE4-4C4B-A13D-020F0F506BC1}.Debug|x64.ActiveCfg = Debug|Any CPU
		{27AA444B-5FE4-4C4B-A13D-020F0F506BC1}.Debug|x64.Build.0 = Debug|Any CPU
		{27AA444B-5FE4-4C4B-A13D-020F0F506BC1}.Debug|x86.ActiveCfg = Debug|Any CPU
		{27AA444B-5FE4-4C4B-A13D-020F0F506BC1}.Debug|x86.Build.0 = Debug|Any CPU
		{27AA444B-5FE4-4C4B-A13D-020F0F506BC1}.Release|Any CPU.ActiveCfg = Release|Any CPU
		{27AA444B-5FE4-4C4B-A13D-020F0F506BC1}.Release|Any CPU.Build.0 = Release|Any CPU
		{27AA444B-5FE4-4C4B-A13D-020F0F506BC1}.Release|x64.ActiveCfg = Release|Any CPU
		{27AA444B-5FE4-4C4B-A13D-020F0F506BC1}.Release|x64.Build.0 = Release|Any CPU
		{27AA444B-5FE4-4C4B-A13D-020F0F506BC1}.Release|x86.ActiveCfg = Release|Any CPU
		{27AA444B-5FE4-4C4B-A13D-020F0F506BC1}.Release|x86.Build.0 = Release|Any CPU
		{B844AEC5-3627-4378-BDE2-F7DF48832EF7}.Debug|Any CPU.ActiveCfg = Debug|x64
		{B844AEC5-3627-4378-BDE2-F7DF48832EF7}.Debug|Any CPU.Build.0 = Debug|x64
		{B844AEC5-3627-4378-BDE2-F7DF48832EF7}.Debug|x64.ActiveCfg = Debug|x64
		{B844AEC5-3627-4378-BDE2-F7DF48832EF7}.Debug|x64.Build.0 = Debug|x64
		{B844AEC5-3627-4378-BDE2-F7DF48832EF7}.Debug|x86.ActiveCfg = Debug|Win32
		{B844AEC5-3627-4378-BDE2-F7DF48832EF7}.Debug|x86.Build.0 = Debug|Win32
		{B844AEC5-3627-4378-BDE2-F7DF48832EF7}.Release|Any CPU.ActiveCfg = Release|x64
		{B844AEC5-3627-4378-BDE2-F7DF48832EF7}.Release|Any CPU.Build.0 = Release|x64
		{B844AEC5-3627-4378-BDE2-F7DF48832EF7}.Release|x64.ActiveCfg = Release|x64
		{B844AEC5-3627-4378-BDE2-F7DF48832EF7}.Release|x64.Build.0 = Release|x64
		{B844AEC5-3627-4378-BDE2-F7DF48832EF7}.Release|x86.ActiveCfg = Release|Win32
		{B844AEC5-3627-4378-BDE2-F7DF48832EF7}.Release|x86.Build.0 = Release|Win32
	EndGlobalSection
	GlobalSection(SolutionProperties) = preSolution
		HideSolutionNode = FALSE
	EndGlobalSection
	GlobalSection(ExtensibilityGlobals) = postSolution
		SolutionGuid = {7B4341D3-1602-4EB2-ABDE-3ECF96A14103}
	EndGlobalSection
EndGlobal
