
Microsoft Visual Studio Solution File, Format Version 12.00
# Visual Studio Version 17
VisualStudioVersion = 17.0.31808.319
MinimumVisualStudioVersion = 10.0.40219.1
Project("{2150E333-8FDC-42A3-9474-1A3956D46DE8}") = "Solution Items", "Solution Items", "{DC97C789-F078-4CCA-978E-B7AF26AC7879}"
	ProjectSection(SolutionItems) = preProject
		.editorconfig = .editorconfig
	EndProjectSection
EndProject
Project("{9A19103F-16F7-4668-BE54-9A1E7A4F7556}") = "SixBot", "SixBot\SixBot.csproj", "{94EC8D1D-5DD7-41CC-AD0E-ECD5756BF47B}"
EndProject
Project("{9A19103F-16F7-4668-BE54-9A1E7A4F7556}") = "Six.Tools", "Six.Tools\Six.Tools.csproj", "{73804B7D-D52A-40D8-A6C5-AA5A6A0FBEB1}"
EndProject
Project("{9A19103F-16F7-4668-BE54-9A1E7A4F7556}") = "Six.Core", "Six.Core\Six.Core.csproj", "{C2D9E335-AEA6-4036-ADE4-5116069639F8}"
EndProject
Project("{9A19103F-16F7-4668-BE54-9A1E7A4F7556}") = "Six.Rex", "Six.Rex\Six.Rex.csproj", "{46FCB73C-FF3B-44D1-B2EC-671B765D8963}"
EndProject
Project("{9A19103F-16F7-4668-BE54-9A1E7A4F7556}") = "Six.Gen", "Six.Gen\Six.Gen.csproj", "{B8C286AB-1D83-4F96-9895-2D057A6D4970}"
EndProject
Project("{9A19103F-16F7-4668-BE54-9A1E7A4F7556}") = "Six.Ast", "Six.Ast\Six.Ast.csproj", "{C648C467-2AC3-4482-B488-FAD17A69A218}"
EndProject
Project("{9A19103F-16F7-4668-BE54-9A1E7A4F7556}") = "Six.Input", "Six.Input\Six.Input.csproj", "{BD16F5B5-162F-400F-A986-00FAEE6EB237}"
EndProject
Project("{9A19103F-16F7-4668-BE54-9A1E7A4F7556}") = "Six.Runtime", "Six.Runtime\Six.Runtime.csproj", "{5315C9FB-1F05-4D07-9084-245C292D9F49}"
EndProject
Project("{9A19103F-16F7-4668-BE54-9A1E7A4F7556}") = "Six.Samples", "Six.Samples\Six.Samples.csproj", "{2B514EB1-A107-41DB-8993-A15CF87BD657}"
EndProject
Project("{9A19103F-16F7-4668-BE54-9A1E7A4F7556}") = "Six.Ceylon", "Six.Ceylon\Six.Ceylon.csproj", "{3B8A1350-5AE6-4DB1-A322-1D652E4B4005}"
EndProject
Project("{FAE04EC0-301F-11D3-BF4B-00C04F79EFBC}") = "Sux", "Sux\Sux.csproj", "{83BA835A-51B6-4EA8-92DD-FB742442DCBC}"
EndProject
Global
	GlobalSection(SolutionConfigurationPlatforms) = preSolution
		Debug|Any CPU = Debug|Any CPU
		Debug|x64 = Debug|x64
		Debug|x86 = Debug|x86
		Release|Any CPU = Release|Any CPU
		Release|x64 = Release|x64
		Release|x86 = Release|x86
	EndGlobalSection
	GlobalSection(ProjectConfigurationPlatforms) = postSolution
		{94EC8D1D-5DD7-41CC-AD0E-ECD5756BF47B}.Debug|Any CPU.ActiveCfg = Debug|Any CPU
		{94EC8D1D-5DD7-41CC-AD0E-ECD5756BF47B}.Debug|Any CPU.Build.0 = Debug|Any CPU
		{94EC8D1D-5DD7-41CC-AD0E-ECD5756BF47B}.Debug|x64.ActiveCfg = Debug|Any CPU
		{94EC8D1D-5DD7-41CC-AD0E-ECD5756BF47B}.Debug|x64.Build.0 = Debug|Any CPU
		{94EC8D1D-5DD7-41CC-AD0E-ECD5756BF47B}.Debug|x86.ActiveCfg = Debug|Any CPU
		{94EC8D1D-5DD7-41CC-AD0E-ECD5756BF47B}.Debug|x86.Build.0 = Debug|Any CPU
		{94EC8D1D-5DD7-41CC-AD0E-ECD5756BF47B}.Release|Any CPU.ActiveCfg = Release|Any CPU
		{94EC8D1D-5DD7-41CC-AD0E-ECD5756BF47B}.Release|Any CPU.Build.0 = Release|Any CPU
		{94EC8D1D-5DD7-41CC-AD0E-ECD5756BF47B}.Release|x64.ActiveCfg = Release|Any CPU
		{94EC8D1D-5DD7-41CC-AD0E-ECD5756BF47B}.Release|x64.Build.0 = Release|Any CPU
		{94EC8D1D-5DD7-41CC-AD0E-ECD5756BF47B}.Release|x86.ActiveCfg = Release|Any CPU
		{94EC8D1D-5DD7-41CC-AD0E-ECD5756BF47B}.Release|x86.Build.0 = Release|Any CPU
		{73804B7D-D52A-40D8-A6C5-AA5A6A0FBEB1}.Debug|Any CPU.ActiveCfg = Debug|Any CPU
		{73804B7D-D52A-40D8-A6C5-AA5A6A0FBEB1}.Debug|Any CPU.Build.0 = Debug|Any CPU
		{73804B7D-D52A-40D8-A6C5-AA5A6A0FBEB1}.Debug|x64.ActiveCfg = Debug|Any CPU
		{73804B7D-D52A-40D8-A6C5-AA5A6A0FBEB1}.Debug|x64.Build.0 = Debug|Any CPU
		{73804B7D-D52A-40D8-A6C5-AA5A6A0FBEB1}.Debug|x86.ActiveCfg = Debug|Any CPU
		{73804B7D-D52A-40D8-A6C5-AA5A6A0FBEB1}.Debug|x86.Build.0 = Debug|Any CPU
		{73804B7D-D52A-40D8-A6C5-AA5A6A0FBEB1}.Release|Any CPU.ActiveCfg = Release|Any CPU
		{73804B7D-D52A-40D8-A6C5-AA5A6A0FBEB1}.Release|Any CPU.Build.0 = Release|Any CPU
		{73804B7D-D52A-40D8-A6C5-AA5A6A0FBEB1}.Release|x64.ActiveCfg = Release|Any CPU
		{73804B7D-D52A-40D8-A6C5-AA5A6A0FBEB1}.Release|x64.Build.0 = Release|Any CPU
		{73804B7D-D52A-40D8-A6C5-AA5A6A0FBEB1}.Release|x86.ActiveCfg = Release|Any CPU
		{73804B7D-D52A-40D8-A6C5-AA5A6A0FBEB1}.Release|x86.Build.0 = Release|Any CPU
		{C2D9E335-AEA6-4036-ADE4-5116069639F8}.Debug|Any CPU.ActiveCfg = Debug|Any CPU
		{C2D9E335-AEA6-4036-ADE4-5116069639F8}.Debug|Any CPU.Build.0 = Debug|Any CPU
		{C2D9E335-AEA6-4036-ADE4-5116069639F8}.Debug|x64.ActiveCfg = Debug|Any CPU
		{C2D9E335-AEA6-4036-ADE4-5116069639F8}.Debug|x64.Build.0 = Debug|Any CPU
		{C2D9E335-AEA6-4036-ADE4-5116069639F8}.Debug|x86.ActiveCfg = Debug|Any CPU
		{C2D9E335-AEA6-4036-ADE4-5116069639F8}.Debug|x86.Build.0 = Debug|Any CPU
		{C2D9E335-AEA6-4036-ADE4-5116069639F8}.Release|Any CPU.ActiveCfg = Release|Any CPU
		{C2D9E335-AEA6-4036-ADE4-5116069639F8}.Release|Any CPU.Build.0 = Release|Any CPU
		{C2D9E335-AEA6-4036-ADE4-5116069639F8}.Release|x64.ActiveCfg = Release|Any CPU
		{C2D9E335-AEA6-4036-ADE4-5116069639F8}.Release|x64.Build.0 = Release|Any CPU
		{C2D9E335-AEA6-4036-ADE4-5116069639F8}.Release|x86.ActiveCfg = Release|Any CPU
		{C2D9E335-AEA6-4036-ADE4-5116069639F8}.Release|x86.Build.0 = Release|Any CPU
		{46FCB73C-FF3B-44D1-B2EC-671B765D8963}.Debug|Any CPU.ActiveCfg = Debug|Any CPU
		{46FCB73C-FF3B-44D1-B2EC-671B765D8963}.Debug|Any CPU.Build.0 = Debug|Any CPU
		{46FCB73C-FF3B-44D1-B2EC-671B765D8963}.Debug|x64.ActiveCfg = Debug|Any CPU
		{46FCB73C-FF3B-44D1-B2EC-671B765D8963}.Debug|x64.Build.0 = Debug|Any CPU
		{46FCB73C-FF3B-44D1-B2EC-671B765D8963}.Debug|x86.ActiveCfg = Debug|Any CPU
		{46FCB73C-FF3B-44D1-B2EC-671B765D8963}.Debug|x86.Build.0 = Debug|Any CPU
		{46FCB73C-FF3B-44D1-B2EC-671B765D8963}.Release|Any CPU.ActiveCfg = Release|Any CPU
		{46FCB73C-FF3B-44D1-B2EC-671B765D8963}.Release|Any CPU.Build.0 = Release|Any CPU
		{46FCB73C-FF3B-44D1-B2EC-671B765D8963}.Release|x64.ActiveCfg = Release|Any CPU
		{46FCB73C-FF3B-44D1-B2EC-671B765D8963}.Release|x64.Build.0 = Release|Any CPU
		{46FCB73C-FF3B-44D1-B2EC-671B765D8963}.Release|x86.ActiveCfg = Release|Any CPU
		{46FCB73C-FF3B-44D1-B2EC-671B765D8963}.Release|x86.Build.0 = Release|Any CPU
		{B8C286AB-1D83-4F96-9895-2D057A6D4970}.Debug|Any CPU.ActiveCfg = Debug|Any CPU
		{B8C286AB-1D83-4F96-9895-2D057A6D4970}.Debug|Any CPU.Build.0 = Debug|Any CPU
		{B8C286AB-1D83-4F96-9895-2D057A6D4970}.Debug|x64.ActiveCfg = Debug|Any CPU
		{B8C286AB-1D83-4F96-9895-2D057A6D4970}.Debug|x64.Build.0 = Debug|Any CPU
		{B8C286AB-1D83-4F96-9895-2D057A6D4970}.Debug|x86.ActiveCfg = Debug|Any CPU
		{B8C286AB-1D83-4F96-9895-2D057A6D4970}.Debug|x86.Build.0 = Debug|Any CPU
		{B8C286AB-1D83-4F96-9895-2D057A6D4970}.Release|Any CPU.ActiveCfg = Release|Any CPU
		{B8C286AB-1D83-4F96-9895-2D057A6D4970}.Release|Any CPU.Build.0 = Release|Any CPU
		{B8C286AB-1D83-4F96-9895-2D057A6D4970}.Release|x64.ActiveCfg = Release|Any CPU
		{B8C286AB-1D83-4F96-9895-2D057A6D4970}.Release|x64.Build.0 = Release|Any CPU
		{B8C286AB-1D83-4F96-9895-2D057A6D4970}.Release|x86.ActiveCfg = Release|Any CPU
		{B8C286AB-1D83-4F96-9895-2D057A6D4970}.Release|x86.Build.0 = Release|Any CPU
		{C648C467-2AC3-4482-B488-FAD17A69A218}.Debug|Any CPU.ActiveCfg = Debug|Any CPU
		{C648C467-2AC3-4482-B488-FAD17A69A218}.Debug|Any CPU.Build.0 = Debug|Any CPU
		{C648C467-2AC3-4482-B488-FAD17A69A218}.Debug|x64.ActiveCfg = Debug|Any CPU
		{C648C467-2AC3-4482-B488-FAD17A69A218}.Debug|x64.Build.0 = Debug|Any CPU
		{C648C467-2AC3-4482-B488-FAD17A69A218}.Debug|x86.ActiveCfg = Debug|Any CPU
		{C648C467-2AC3-4482-B488-FAD17A69A218}.Debug|x86.Build.0 = Debug|Any CPU
		{C648C467-2AC3-4482-B488-FAD17A69A218}.Release|Any CPU.ActiveCfg = Release|Any CPU
		{C648C467-2AC3-4482-B488-FAD17A69A218}.Release|Any CPU.Build.0 = Release|Any CPU
		{C648C467-2AC3-4482-B488-FAD17A69A218}.Release|x64.ActiveCfg = Release|Any CPU
		{C648C467-2AC3-4482-B488-FAD17A69A218}.Release|x64.Build.0 = Release|Any CPU
		{C648C467-2AC3-4482-B488-FAD17A69A218}.Release|x86.ActiveCfg = Release|Any CPU
		{C648C467-2AC3-4482-B488-FAD17A69A218}.Release|x86.Build.0 = Release|Any CPU
		{BD16F5B5-162F-400F-A986-00FAEE6EB237}.Debug|Any CPU.ActiveCfg = Debug|Any CPU
		{BD16F5B5-162F-400F-A986-00FAEE6EB237}.Debug|Any CPU.Build.0 = Debug|Any CPU
		{BD16F5B5-162F-400F-A986-00FAEE6EB237}.Debug|x64.ActiveCfg = Debug|Any CPU
		{BD16F5B5-162F-400F-A986-00FAEE6EB237}.Debug|x64.Build.0 = Debug|Any CPU
		{BD16F5B5-162F-400F-A986-00FAEE6EB237}.Debug|x86.ActiveCfg = Debug|Any CPU
		{BD16F5B5-162F-400F-A986-00FAEE6EB237}.Debug|x86.Build.0 = Debug|Any CPU
		{BD16F5B5-162F-400F-A986-00FAEE6EB237}.Release|Any CPU.ActiveCfg = Release|Any CPU
		{BD16F5B5-162F-400F-A986-00FAEE6EB237}.Release|Any CPU.Build.0 = Release|Any CPU
		{BD16F5B5-162F-400F-A986-00FAEE6EB237}.Release|x64.ActiveCfg = Release|Any CPU
		{BD16F5B5-162F-400F-A986-00FAEE6EB237}.Release|x64.Build.0 = Release|Any CPU
		{BD16F5B5-162F-400F-A986-00FAEE6EB237}.Release|x86.ActiveCfg = Release|Any CPU
		{BD16F5B5-162F-400F-A986-00FAEE6EB237}.Release|x86.Build.0 = Release|Any CPU
		{5315C9FB-1F05-4D07-9084-245C292D9F49}.Debug|Any CPU.ActiveCfg = Debug|Any CPU
		{5315C9FB-1F05-4D07-9084-245C292D9F49}.Debug|Any CPU.Build.0 = Debug|Any CPU
		{5315C9FB-1F05-4D07-9084-245C292D9F49}.Debug|x64.ActiveCfg = Debug|Any CPU
		{5315C9FB-1F05-4D07-9084-245C292D9F49}.Debug|x64.Build.0 = Debug|Any CPU
		{5315C9FB-1F05-4D07-9084-245C292D9F49}.Debug|x86.ActiveCfg = Debug|Any CPU
		{5315C9FB-1F05-4D07-9084-245C292D9F49}.Debug|x86.Build.0 = Debug|Any CPU
		{5315C9FB-1F05-4D07-9084-245C292D9F49}.Release|Any CPU.ActiveCfg = Release|Any CPU
		{5315C9FB-1F05-4D07-9084-245C292D9F49}.Release|Any CPU.Build.0 = Release|Any CPU
		{5315C9FB-1F05-4D07-9084-245C292D9F49}.Release|x64.ActiveCfg = Release|Any CPU
		{5315C9FB-1F05-4D07-9084-245C292D9F49}.Release|x64.Build.0 = Release|Any CPU
		{5315C9FB-1F05-4D07-9084-245C292D9F49}.Release|x86.ActiveCfg = Release|Any CPU
		{5315C9FB-1F05-4D07-9084-245C292D9F49}.Release|x86.Build.0 = Release|Any CPU
		{2B514EB1-A107-41DB-8993-A15CF87BD657}.Debug|Any CPU.ActiveCfg = Debug|Any CPU
		{2B514EB1-A107-41DB-8993-A15CF87BD657}.Debug|Any CPU.Build.0 = Debug|Any CPU
		{2B514EB1-A107-41DB-8993-A15CF87BD657}.Debug|x64.ActiveCfg = Debug|Any CPU
		{2B514EB1-A107-41DB-8993-A15CF87BD657}.Debug|x64.Build.0 = Debug|Any CPU
		{2B514EB1-A107-41DB-8993-A15CF87BD657}.Debug|x86.ActiveCfg = Debug|Any CPU
		{2B514EB1-A107-41DB-8993-A15CF87BD657}.Debug|x86.Build.0 = Debug|Any CPU
		{2B514EB1-A107-41DB-8993-A15CF87BD657}.Release|Any CPU.ActiveCfg = Release|Any CPU
		{2B514EB1-A107-41DB-8993-A15CF87BD657}.Release|Any CPU.Build.0 = Release|Any CPU
		{2B514EB1-A107-41DB-8993-A15CF87BD657}.Release|x64.ActiveCfg = Release|Any CPU
		{2B514EB1-A107-41DB-8993-A15CF87BD657}.Release|x64.Build.0 = Release|Any CPU
		{2B514EB1-A107-41DB-8993-A15CF87BD657}.Release|x86.ActiveCfg = Release|Any CPU
		{2B514EB1-A107-41DB-8993-A15CF87BD657}.Release|x86.Build.0 = Release|Any CPU
		{3B8A1350-5AE6-4DB1-A322-1D652E4B4005}.Debug|Any CPU.ActiveCfg = Debug|Any CPU
		{3B8A1350-5AE6-4DB1-A322-1D652E4B4005}.Debug|Any CPU.Build.0 = Debug|Any CPU
		{3B8A1350-5AE6-4DB1-A322-1D652E4B4005}.Debug|x64.ActiveCfg = Debug|Any CPU
		{3B8A1350-5AE6-4DB1-A322-1D652E4B4005}.Debug|x64.Build.0 = Debug|Any CPU
		{3B8A1350-5AE6-4DB1-A322-1D652E4B4005}.Debug|x86.ActiveCfg = Debug|Any CPU
		{3B8A1350-5AE6-4DB1-A322-1D652E4B4005}.Debug|x86.Build.0 = Debug|Any CPU
		{3B8A1350-5AE6-4DB1-A322-1D652E4B4005}.Release|Any CPU.ActiveCfg = Release|Any CPU
		{3B8A1350-5AE6-4DB1-A322-1D652E4B4005}.Release|Any CPU.Build.0 = Release|Any CPU
		{3B8A1350-5AE6-4DB1-A322-1D652E4B4005}.Release|x64.ActiveCfg = Release|Any CPU
		{3B8A1350-5AE6-4DB1-A322-1D652E4B4005}.Release|x64.Build.0 = Release|Any CPU
		{3B8A1350-5AE6-4DB1-A322-1D652E4B4005}.Release|x86.ActiveCfg = Release|Any CPU
		{3B8A1350-5AE6-4DB1-A322-1D652E4B4005}.Release|x86.Build.0 = Release|Any CPU
		{83BA835A-51B6-4EA8-92DD-FB742442DCBC}.Debug|Any CPU.ActiveCfg = Debug|Any CPU
		{83BA835A-51B6-4EA8-92DD-FB742442DCBC}.Debug|Any CPU.Build.0 = Debug|Any CPU
		{83BA835A-51B6-4EA8-92DD-FB742442DCBC}.Debug|x64.ActiveCfg = Debug|Any CPU
		{83BA835A-51B6-4EA8-92DD-FB742442DCBC}.Debug|x64.Build.0 = Debug|Any CPU
		{83BA835A-51B6-4EA8-92DD-FB742442DCBC}.Debug|x86.ActiveCfg = Debug|Any CPU
		{83BA835A-51B6-4EA8-92DD-FB742442DCBC}.Debug|x86.Build.0 = Debug|Any CPU
		{83BA835A-51B6-4EA8-92DD-FB742442DCBC}.Release|Any CPU.ActiveCfg = Release|Any CPU
		{83BA835A-51B6-4EA8-92DD-FB742442DCBC}.Release|Any CPU.Build.0 = Release|Any CPU
		{83BA835A-51B6-4EA8-92DD-FB742442DCBC}.Release|x64.ActiveCfg = Release|Any CPU
		{83BA835A-51B6-4EA8-92DD-FB742442DCBC}.Release|x64.Build.0 = Release|Any CPU
		{83BA835A-51B6-4EA8-92DD-FB742442DCBC}.Release|x86.ActiveCfg = Release|Any CPU
		{83BA835A-51B6-4EA8-92DD-FB742442DCBC}.Release|x86.Build.0 = Release|Any CPU
	EndGlobalSection
	GlobalSection(SolutionProperties) = preSolution
		HideSolutionNode = FALSE
	EndGlobalSection
	GlobalSection(ExtensibilityGlobals) = postSolution
		SolutionGuid = {7B4341D3-1602-4EB2-ABDE-3ECF96A14103}
	EndGlobalSection
EndGlobal
