
Microsoft Visual Studio Solution File, Format Version 12.00
# Visual Studio Version 17
VisualStudioVersion = 17.0.31808.319
MinimumVisualStudioVersion = 10.0.40219.1
Project("{2150E333-8FDC-42A3-9474-1A3956D46DE8}") = "Solution Items", "Solution Items", "{DC97C789-F078-4CCA-978E-B7AF26AC7879}"
	ProjectSection(SolutionItems) = preProject
		.editorconfig = .editorconfig
	EndProjectSection
EndProject
Project("{9A19103F-16F7-4668-BE54-9A1E7A4F7556}") = "SixTools", "SixTools\SixTools.csproj", "{27AA444B-5FE4-4C4B-A13D-020F0F506BC1}"
EndProject
Project("{9A19103F-16F7-4668-BE54-9A1E7A4F7556}") = "SixBot", "SixBot\SixBot.csproj", "{94EC8D1D-5DD7-41CC-AD0E-ECD5756BF47B}"
EndProject
Project("{9A19103F-16F7-4668-BE54-9A1E7A4F7556}") = "Six.Tools", "Six.Tools\Six.Tools.csproj", "{73804B7D-D52A-40D8-A6C5-AA5A6A0FBEB1}"
EndProject
Project("{9A19103F-16F7-4668-BE54-9A1E7A4F7556}") = "Six.Core", "Six.Core\Six.Core.csproj", "{C2D9E335-AEA6-4036-ADE4-5116069639F8}"
EndProject
Project("{9A19103F-16F7-4668-BE54-9A1E7A4F7556}") = "SixCC.Runtime", "SixCC.Runtime\SixCC.Runtime.csproj", "{7220E0CD-8788-4C93-8FD0-CA5917D26876}"
EndProject
Project("{9A19103F-16F7-4668-BE54-9A1E7A4F7556}") = "Six.Rex", "Six.Rex\Six.Rex.csproj", "{46FCB73C-FF3B-44D1-B2EC-671B765D8963}"
EndProject
Project("{9A19103F-16F7-4668-BE54-9A1E7A4F7556}") = "Six.Gen", "Six.Gen\Six.Gen.csproj", "{B8C286AB-1D83-4F96-9895-2D057A6D4970}"
EndProject
Project("{FAE04EC0-301F-11D3-BF4B-00C04F79EFBC}") = "Six.Ast", "Six.Ast\Six.Ast.csproj", "{C648C467-2AC3-4482-B488-FAD17A69A218}"
EndProject
Project("{9A19103F-16F7-4668-BE54-9A1E7A4F7556}") = "SixCC", "SixCC\SixCC.csproj", "{F6C1E9DE-278D-4807-89E0-0F4C5EFF670C}"
EndProject
Project("{9A19103F-16F7-4668-BE54-9A1E7A4F7556}") = "SixCC.Core", "SixCC.Core\SixCC.Core.csproj", "{F427F793-BF97-4342-ABB1-8C22898852B8}"
EndProject
Global
	GlobalSection(SolutionConfigurationPlatforms) = preSolution
		Debug|Any CPU = Debug|Any CPU
		Debug|x64 = Debug|x64
		Debug|x86 = Debug|x86
		Release|Any CPU = Release|Any CPU
		Release|x64 = Release|x64
		Release|x86 = Release|x86
	EndGlobalSection
	GlobalSection(ProjectConfigurationPlatforms) = postSolution
		{27AA444B-5FE4-4C4B-A13D-020F0F506BC1}.Debug|Any CPU.ActiveCfg = Debug|Any CPU
		{27AA444B-5FE4-4C4B-A13D-020F0F506BC1}.Debug|Any CPU.Build.0 = Debug|Any CPU
		{27AA444B-5FE4-4C4B-A13D-020F0F506BC1}.Debug|x64.ActiveCfg = Debug|Any CPU
		{27AA444B-5FE4-4C4B-A13D-020F0F506BC1}.Debug|x64.Build.0 = Debug|Any CPU
		{27AA444B-5FE4-4C4B-A13D-020F0F506BC1}.Debug|x86.ActiveCfg = Debug|Any CPU
		{27AA444B-5FE4-4C4B-A13D-020F0F506BC1}.Debug|x86.Build.0 = Debug|Any CPU
		{27AA444B-5FE4-4C4B-A13D-020F0F506BC1}.Release|Any CPU.ActiveCfg = Release|Any CPU
		{27AA444B-5FE4-4C4B-A13D-020F0F506BC1}.Release|Any CPU.Build.0 = Release|Any CPU
		{27AA444B-5FE4-4C4B-A13D-020F0F506BC1}.Release|x64.ActiveCfg = Release|Any CPU
		{27AA444B-5FE4-4C4B-A13D-020F0F506BC1}.Release|x64.Build.0 = Release|Any CPU
		{27AA444B-5FE4-4C4B-A13D-020F0F506BC1}.Release|x86.ActiveCfg = Release|Any CPU
		{27AA444B-5FE4-4C4B-A13D-020F0F506BC1}.Release|x86.Build.0 = Release|Any CPU
		{94EC8D1D-5DD7-41CC-AD0E-ECD5756BF47B}.Debug|Any CPU.ActiveCfg = Debug|Any CPU
		{94EC8D1D-5DD7-41CC-AD0E-ECD5756BF47B}.Debug|Any CPU.Build.0 = Debug|Any CPU
		{94EC8D1D-5DD7-41CC-AD0E-ECD5756BF47B}.Debug|x64.ActiveCfg = Debug|Any CPU
		{94EC8D1D-5DD7-41CC-AD0E-ECD5756BF47B}.Debug|x64.Build.0 = Debug|Any CPU
		{94EC8D1D-5DD7-41CC-AD0E-ECD5756BF47B}.Debug|x86.ActiveCfg = Debug|Any CPU
		{94EC8D1D-5DD7-41CC-AD0E-ECD5756BF47B}.Debug|x86.Build.0 = Debug|Any CPU
		{94EC8D1D-5DD7-41CC-AD0E-ECD5756BF47B}.Release|Any CPU.ActiveCfg = Release|Any CPU
		{94EC8D1D-5DD7-41CC-AD0E-ECD5756BF47B}.Release|Any CPU.Build.0 = Release|Any CPU
		{94EC8D1D-5DD7-41CC-AD0E-ECD5756BF47B}.Release|x64.ActiveCfg = Release|Any CPU
		{94EC8D1D-5DD7-41CC-AD0E-ECD5756BF47B}.Release|x64.Build.0 = Release|Any CPU
		{94EC8D1D-5DD7-41CC-AD0E-ECD5756BF47B}.Release|x86.ActiveCfg = Release|Any CPU
		{94EC8D1D-5DD7-41CC-AD0E-ECD5756BF47B}.Release|x86.Build.0 = Release|Any CPU
		{73804B7D-D52A-40D8-A6C5-AA5A6A0FBEB1}.Debug|Any CPU.ActiveCfg = Debug|Any CPU
		{73804B7D-D52A-40D8-A6C5-AA5A6A0FBEB1}.Debug|Any CPU.Build.0 = Debug|Any CPU
		{73804B7D-D52A-40D8-A6C5-AA5A6A0FBEB1}.Debug|x64.ActiveCfg = Debug|Any CPU
		{73804B7D-D52A-40D8-A6C5-AA5A6A0FBEB1}.Debug|x64.Build.0 = Debug|Any CPU
		{73804B7D-D52A-40D8-A6C5-AA5A6A0FBEB1}.Debug|x86.ActiveCfg = Debug|Any CPU
		{73804B7D-D52A-40D8-A6C5-AA5A6A0FBEB1}.Debug|x86.Build.0 = Debug|Any CPU
		{73804B7D-D52A-40D8-A6C5-AA5A6A0FBEB1}.Release|Any CPU.ActiveCfg = Release|Any CPU
		{73804B7D-D52A-40D8-A6C5-AA5A6A0FBEB1}.Release|Any CPU.Build.0 = Release|Any CPU
		{73804B7D-D52A-40D8-A6C5-AA5A6A0FBEB1}.Release|x64.ActiveCfg = Release|Any CPU
		{73804B7D-D52A-40D8-A6C5-AA5A6A0FBEB1}.Release|x64.Build.0 = Release|Any CPU
		{73804B7D-D52A-40D8-A6C5-AA5A6A0FBEB1}.Release|x86.ActiveCfg = Release|Any CPU
		{73804B7D-D52A-40D8-A6C5-AA5A6A0FBEB1}.Release|x86.Build.0 = Release|Any CPU
		{C2D9E335-AEA6-4036-ADE4-5116069639F8}.Debug|Any CPU.ActiveCfg = Debug|Any CPU
		{C2D9E335-AEA6-4036-ADE4-5116069639F8}.Debug|Any CPU.Build.0 = Debug|Any CPU
		{C2D9E335-AEA6-4036-ADE4-5116069639F8}.Debug|x64.ActiveCfg = Debug|Any CPU
		{C2D9E335-AEA6-4036-ADE4-5116069639F8}.Debug|x64.Build.0 = Debug|Any CPU
		{C2D9E335-AEA6-4036-ADE4-5116069639F8}.Debug|x86.ActiveCfg = Debug|Any CPU
		{C2D9E335-AEA6-4036-ADE4-5116069639F8}.Debug|x86.Build.0 = Debug|Any CPU
		{C2D9E335-AEA6-4036-ADE4-5116069639F8}.Release|Any CPU.ActiveCfg = Release|Any CPU
		{C2D9E335-AEA6-4036-ADE4-5116069639F8}.Release|Any CPU.Build.0 = Release|Any CPU
		{C2D9E335-AEA6-4036-ADE4-5116069639F8}.Release|x64.ActiveCfg = Release|Any CPU
		{C2D9E335-AEA6-4036-ADE4-5116069639F8}.Release|x64.Build.0 = Release|Any CPU
		{C2D9E335-AEA6-4036-ADE4-5116069639F8}.Release|x86.ActiveCfg = Release|Any CPU
		{C2D9E335-AEA6-4036-ADE4-5116069639F8}.Release|x86.Build.0 = Release|Any CPU
		{7220E0CD-8788-4C93-8FD0-CA5917D26876}.Debug|Any CPU.ActiveCfg = Debug|Any CPU
		{7220E0CD-8788-4C93-8FD0-CA5917D26876}.Debug|Any CPU.Build.0 = Debug|Any CPU
		{7220E0CD-8788-4C93-8FD0-CA5917D26876}.Debug|x64.ActiveCfg = Debug|Any CPU
		{7220E0CD-8788-4C93-8FD0-CA5917D26876}.Debug|x64.Build.0 = Debug|Any CPU
		{7220E0CD-8788-4C93-8FD0-CA5917D26876}.Debug|x86.ActiveCfg = Debug|Any CPU
		{7220E0CD-8788-4C93-8FD0-CA5917D26876}.Debug|x86.Build.0 = Debug|Any CPU
		{7220E0CD-8788-4C93-8FD0-CA5917D26876}.Release|Any CPU.ActiveCfg = Release|Any CPU
		{7220E0CD-8788-4C93-8FD0-CA5917D26876}.Release|Any CPU.Build.0 = Release|Any CPU
		{7220E0CD-8788-4C93-8FD0-CA5917D26876}.Release|x64.ActiveCfg = Release|Any CPU
		{7220E0CD-8788-4C93-8FD0-CA5917D26876}.Release|x64.Build.0 = Release|Any CPU
		{7220E0CD-8788-4C93-8FD0-CA5917D26876}.Release|x86.ActiveCfg = Release|Any CPU
		{7220E0CD-8788-4C93-8FD0-CA5917D26876}.Release|x86.Build.0 = Release|Any CPU
		{46FCB73C-FF3B-44D1-B2EC-671B765D8963}.Debug|Any CPU.ActiveCfg = Debug|Any CPU
		{46FCB73C-FF3B-44D1-B2EC-671B765D8963}.Debug|Any CPU.Build.0 = Debug|Any CPU
		{46FCB73C-FF3B-44D1-B2EC-671B765D8963}.Debug|x64.ActiveCfg = Debug|Any CPU
		{46FCB73C-FF3B-44D1-B2EC-671B765D8963}.Debug|x64.Build.0 = Debug|Any CPU
		{46FCB73C-FF3B-44D1-B2EC-671B765D8963}.Debug|x86.ActiveCfg = Debug|Any CPU
		{46FCB73C-FF3B-44D1-B2EC-671B765D8963}.Debug|x86.Build.0 = Debug|Any CPU
		{46FCB73C-FF3B-44D1-B2EC-671B765D8963}.Release|Any CPU.ActiveCfg = Release|Any CPU
		{46FCB73C-FF3B-44D1-B2EC-671B765D8963}.Release|Any CPU.Build.0 = Release|Any CPU
		{46FCB73C-FF3B-44D1-B2EC-671B765D8963}.Release|x64.ActiveCfg = Release|Any CPU
		{46FCB73C-FF3B-44D1-B2EC-671B765D8963}.Release|x64.Build.0 = Release|Any CPU
		{46FCB73C-FF3B-44D1-B2EC-671B765D8963}.Release|x86.ActiveCfg = Release|Any CPU
		{46FCB73C-FF3B-44D1-B2EC-671B765D8963}.Release|x86.Build.0 = Release|Any CPU
		{B8C286AB-1D83-4F96-9895-2D057A6D4970}.Debug|Any CPU.ActiveCfg = Debug|Any CPU
		{B8C286AB-1D83-4F96-9895-2D057A6D4970}.Debug|Any CPU.Build.0 = Debug|Any CPU
		{B8C286AB-1D83-4F96-9895-2D057A6D4970}.Debug|x64.ActiveCfg = Debug|Any CPU
		{B8C286AB-1D83-4F96-9895-2D057A6D4970}.Debug|x64.Build.0 = Debug|Any CPU
		{B8C286AB-1D83-4F96-9895-2D057A6D4970}.Debug|x86.ActiveCfg = Debug|Any CPU
		{B8C286AB-1D83-4F96-9895-2D057A6D4970}.Debug|x86.Build.0 = Debug|Any CPU
		{B8C286AB-1D83-4F96-9895-2D057A6D4970}.Release|Any CPU.ActiveCfg = Release|Any CPU
		{B8C286AB-1D83-4F96-9895-2D057A6D4970}.Release|Any CPU.Build.0 = Release|Any CPU
		{B8C286AB-1D83-4F96-9895-2D057A6D4970}.Release|x64.ActiveCfg = Release|Any CPU
		{B8C286AB-1D83-4F96-9895-2D057A6D4970}.Release|x64.Build.0 = Release|Any CPU
		{B8C286AB-1D83-4F96-9895-2D057A6D4970}.Release|x86.ActiveCfg = Release|Any CPU
		{B8C286AB-1D83-4F96-9895-2D057A6D4970}.Release|x86.Build.0 = Release|Any CPU
		{C648C467-2AC3-4482-B488-FAD17A69A218}.Debug|Any CPU.ActiveCfg = Debug|Any CPU
		{C648C467-2AC3-4482-B488-FAD17A69A218}.Debug|Any CPU.Build.0 = Debug|Any CPU
		{C648C467-2AC3-4482-B488-FAD17A69A218}.Debug|x64.ActiveCfg = Debug|Any CPU
		{C648C467-2AC3-4482-B488-FAD17A69A218}.Debug|x64.Build.0 = Debug|Any CPU
		{C648C467-2AC3-4482-B488-FAD17A69A218}.Debug|x86.ActiveCfg = Debug|Any CPU
		{C648C467-2AC3-4482-B488-FAD17A69A218}.Debug|x86.Build.0 = Debug|Any CPU
		{C648C467-2AC3-4482-B488-FAD17A69A218}.Release|Any CPU.ActiveCfg = Release|Any CPU
		{C648C467-2AC3-4482-B488-FAD17A69A218}.Release|Any CPU.Build.0 = Release|Any CPU
		{C648C467-2AC3-4482-B488-FAD17A69A218}.Release|x64.ActiveCfg = Release|Any CPU
		{C648C467-2AC3-4482-B488-FAD17A69A218}.Release|x64.Build.0 = Release|Any CPU
		{C648C467-2AC3-4482-B488-FAD17A69A218}.Release|x86.ActiveCfg = Release|Any CPU
		{C648C467-2AC3-4482-B488-FAD17A69A218}.Release|x86.Build.0 = Release|Any CPU
		{F6C1E9DE-278D-4807-89E0-0F4C5EFF670C}.Debug|Any CPU.ActiveCfg = Debug|Any CPU
		{F6C1E9DE-278D-4807-89E0-0F4C5EFF670C}.Debug|Any CPU.Build.0 = Debug|Any CPU
		{F6C1E9DE-278D-4807-89E0-0F4C5EFF670C}.Debug|x64.ActiveCfg = Debug|Any CPU
		{F6C1E9DE-278D-4807-89E0-0F4C5EFF670C}.Debug|x64.Build.0 = Debug|Any CPU
		{F6C1E9DE-278D-4807-89E0-0F4C5EFF670C}.Debug|x86.ActiveCfg = Debug|Any CPU
		{F6C1E9DE-278D-4807-89E0-0F4C5EFF670C}.Debug|x86.Build.0 = Debug|Any CPU
		{F6C1E9DE-278D-4807-89E0-0F4C5EFF670C}.Release|Any CPU.ActiveCfg = Release|Any CPU
		{F6C1E9DE-278D-4807-89E0-0F4C5EFF670C}.Release|Any CPU.Build.0 = Release|Any CPU
		{F6C1E9DE-278D-4807-89E0-0F4C5EFF670C}.Release|x64.ActiveCfg = Release|Any CPU
		{F6C1E9DE-278D-4807-89E0-0F4C5EFF670C}.Release|x64.Build.0 = Release|Any CPU
		{F6C1E9DE-278D-4807-89E0-0F4C5EFF670C}.Release|x86.ActiveCfg = Release|Any CPU
		{F6C1E9DE-278D-4807-89E0-0F4C5EFF670C}.Release|x86.Build.0 = Release|Any CPU
		{F427F793-BF97-4342-ABB1-8C22898852B8}.Debug|Any CPU.ActiveCfg = Debug|Any CPU
		{F427F793-BF97-4342-ABB1-8C22898852B8}.Debug|Any CPU.Build.0 = Debug|Any CPU
		{F427F793-BF97-4342-ABB1-8C22898852B8}.Debug|x64.ActiveCfg = Debug|Any CPU
		{F427F793-BF97-4342-ABB1-8C22898852B8}.Debug|x64.Build.0 = Debug|Any CPU
		{F427F793-BF97-4342-ABB1-8C22898852B8}.Debug|x86.ActiveCfg = Debug|Any CPU
		{F427F793-BF97-4342-ABB1-8C22898852B8}.Debug|x86.Build.0 = Debug|Any CPU
		{F427F793-BF97-4342-ABB1-8C22898852B8}.Release|Any CPU.ActiveCfg = Release|Any CPU
		{F427F793-BF97-4342-ABB1-8C22898852B8}.Release|Any CPU.Build.0 = Release|Any CPU
		{F427F793-BF97-4342-ABB1-8C22898852B8}.Release|x64.ActiveCfg = Release|Any CPU
		{F427F793-BF97-4342-ABB1-8C22898852B8}.Release|x64.Build.0 = Release|Any CPU
		{F427F793-BF97-4342-ABB1-8C22898852B8}.Release|x86.ActiveCfg = Release|Any CPU
		{F427F793-BF97-4342-ABB1-8C22898852B8}.Release|x86.Build.0 = Release|Any CPU
	EndGlobalSection
	GlobalSection(SolutionProperties) = preSolution
		HideSolutionNode = FALSE
	EndGlobalSection
	GlobalSection(ExtensibilityGlobals) = postSolution
		SolutionGuid = {7B4341D3-1602-4EB2-ABDE-3ECF96A14103}
	EndGlobalSection
EndGlobal
