<?xml version="1.0" encoding="utf-8"?>
<Project ToolsVersion="4.0" xmlns="http://schemas.microsoft.com/developer/msbuild/2003">
  <ItemGroup>
    <Filter Include="include">
      <UniqueIdentifier>{5b329109-06e3-4950-90f1-026a7780b53f}</UniqueIdentifier>
    </Filter>
    <Filter Include="inputs">
      <UniqueIdentifier>{5411cf7f-c4e9-4474-9e93-25e908279469}</UniqueIdentifier>
    </Filter>
    <Filter Include="inputs\antlr4">
      <UniqueIdentifier>{b513e5b6-53ed-4080-8181-e80dfc9b8f1d}</UniqueIdentifier>
    </Filter>
    <Filter Include="inputs\antlr4\samples">
      <UniqueIdentifier>{fdc973d7-b237-43ac-a677-a0377d04542d}</UniqueIdentifier>
    </Filter>
    <Filter Include="inputs\bnf">
      <UniqueIdentifier>{a915e3a0-804f-45f6-bf30-e57b424d35e9}</UniqueIdentifier>
    </Filter>
    <Filter Include="inputs\bnf\samples">
      <UniqueIdentifier>{39cb2775-043c-4e60-b62f-6f8012fe157f}</UniqueIdentifier>
    </Filter>
    <Filter Include="inputs\wsn">
      <UniqueIdentifier>{d1a857c3-dac6-4849-a03d-f77a7e924eb2}</UniqueIdentifier>
    </Filter>
    <Filter Include="inputs\wsn\samples">
      <UniqueIdentifier>{ba4c8597-fe14-4bc2-9dd9-e9a3155d0af3}</UniqueIdentifier>
    </Filter>
    <Filter Include="outputs">
      <UniqueIdentifier>{2117f438-f731-4b26-bbac-5997d712647c}</UniqueIdentifier>
    </Filter>
    <Filter Include="outputs\wsn">
      <UniqueIdentifier>{f3b7f229-7833-4b7a-962e-23c9f5f5bb11}</UniqueIdentifier>
    </Filter>
    <Filter Include="outputs\ast">
      <UniqueIdentifier>{7014a5b4-1ceb-49aa-bd5a-43f377f10e6c}</UniqueIdentifier>
    </Filter>
  </ItemGroup>
  <ItemGroup>
    <ClInclude Include="sixpeg.h" />
    <ClInclude Include="include\peglib.h">
      <Filter>include</Filter>
    </ClInclude>
  </ItemGroup>
  <ItemGroup>
    <ClCompile Include="sixpeg.cpp" />
    <ClCompile Include="inputs\antlr4\antlr4.cpp">
      <Filter>inputs\antlr4</Filter>
    </ClCompile>
    <ClCompile Include="inputs\bnf\bnf.cpp">
      <Filter>inputs\bnf</Filter>
    </ClCompile>
    <ClCompile Include="inputs\wsn\wsn.cpp">
      <Filter>inputs\wsn</Filter>
    </ClCompile>
    <ClCompile Include="outputs\ast\OutputAst.cpp">
      <Filter>outputs\ast</Filter>
    </ClCompile>
    <ClCompile Include="outputs\wsn\OutputWsn.cpp">
      <Filter>outputs\wsn</Filter>
    </ClCompile>
    <ClCompile Include="dllmain.cpp" />
    <ClCompile Include="Files.ixx" />
    <ClCompile Include="Ast.ixx" />
    <ClCompile Include="Inputs.ixx" />
    <ClCompile Include="Indenter.ixx" />
    <ClCompile Include="Outputs.ixx" />
    <ClCompile Include="Visitor.ixx" />
  </ItemGroup>
  <ItemGroup>
    <None Include="cpp.hint" />
    <None Include="inputs\antlr4\antlr4.peg">
      <Filter>inputs\antlr4</Filter>
    </None>
    <None Include="inputs\bnf\bnf.peg">
      <Filter>inputs\bnf</Filter>
    </None>
    <None Include="inputs\wsn\wsn.peg">
      <Filter>inputs\wsn</Filter>
    </None>
    <None Include="inputs\wsn\samples\wsn.samples">
      <Filter>inputs\wsn\samples</Filter>
    </None>
    <None Include="inputs\wsn\samples\wsn.wsn">
      <Filter>inputs\wsn\samples</Filter>
    </None>
    <None Include="inputs\wsn\samples\bnf.wsn">
      <Filter>inputs\wsn\samples</Filter>
    </None>
    <None Include="inputs\wsn\samples\c.wsn">
      <Filter>inputs\wsn\samples</Filter>
    </None>
    <None Include="inputs\wsn\samples\checker.wsn">
      <Filter>inputs\wsn\samples</Filter>
    </None>
    <None Include="inputs\wsn\samples\minimal.wsn">
      <Filter>inputs\wsn\samples</Filter>
    </None>
    <None Include="inputs\bnf\samples\bnf.bnf">
      <Filter>inputs\bnf\samples</Filter>
    </None>
    <None Include="inputs\bnf\samples\checker.bnf">
      <Filter>inputs\bnf\samples</Filter>
    </None>
    <None Include="inputs\bnf\samples\expr.bnf">
      <Filter>inputs\bnf\samples</Filter>
    </None>
    <None Include="inputs\bnf\samples\minimal.bnf">
      <Filter>inputs\bnf\samples</Filter>
    </None>
    <None Include="inputs\bnf\samples\postal.bnf">
      <Filter>inputs\bnf\samples</Filter>
    </None>
    <None Include="inputs\antlr4\samples\bnf.g4">
      <Filter>inputs\antlr4\samples</Filter>
    </None>
    <None Include="inputs\antlr4\samples\checker.g4">
      <Filter>inputs\antlr4\samples</Filter>
    </None>
    <None Include="inputs\antlr4\samples\minimal.g4">
      <Filter>inputs\antlr4\samples</Filter>
    </None>
  </ItemGroup>
</Project>