<?xml version="1.0" encoding="utf-8"?>
<Project ToolsVersion="4.0" xmlns="http://schemas.microsoft.com/developer/msbuild/2003">
  <ItemGroup>
    <Filter Include="Source Files">
      <UniqueIdentifier>{4FC737F1-C7A5-4376-A066-2A32D752A2FF}</UniqueIdentifier>
      <Extensions>cpp;c;cc;cxx;c++;cppm;ixx;def;odl;idl;hpj;bat;asm;asmx</Extensions>
    </Filter>
    <Filter Include="Header Files">
      <UniqueIdentifier>{93995380-89BD-4b04-88EB-625FBE52EBFB}</UniqueIdentifier>
      <Extensions>h;hh;hpp;hxx;h++;hm;inl;inc;ipp;xsd</Extensions>
    </Filter>
    <Filter Include="Resource Files">
      <UniqueIdentifier>{67DA6AB6-F800-4c08-8B7A-83BB121AAD01}</UniqueIdentifier>
      <Extensions>rc;ico;cur;bmp;dlg;rc2;rct;bin;rgs;gif;jpg;jpeg;jpe;resx;tiff;tif;png;wav;mfcribbon-ms</Extensions>
    </Filter>
    <Filter Include="include">
      <UniqueIdentifier>{5b329109-06e3-4950-90f1-026a7780b53f}</UniqueIdentifier>
    </Filter>
    <Filter Include="grammar">
      <UniqueIdentifier>{23d04732-0569-483c-9187-0bfcad364683}</UniqueIdentifier>
    </Filter>
  </ItemGroup>
  <ItemGroup>
    <ClInclude Include="framework.h">
      <Filter>Header Files</Filter>
    </ClInclude>
    <ClInclude Include="pch.h">
      <Filter>Header Files</Filter>
    </ClInclude>
    <ClInclude Include="include\peglib.h">
      <Filter>include</Filter>
    </ClInclude>
    <ClInclude Include="SixPeg.h" />
    <ClInclude Include="resource.h">
      <Filter>Header Files</Filter>
    </ClInclude>
    <ClInclude Include="resource1.h">
      <Filter>Header Files</Filter>
    </ClInclude>
  </ItemGroup>
  <ItemGroup>
    <ClCompile Include="dllmain.cpp">
      <Filter>Source Files</Filter>
    </ClCompile>
    <ClCompile Include="pch.cpp">
      <Filter>Source Files</Filter>
    </ClCompile>
    <ClCompile Include="SixPeg.cpp" />
    <ClCompile Include="grammar\wsn.cpp">
      <Filter>grammar</Filter>
    </ClCompile>
    <ClCompile Include="grammar\bnf.cpp">
      <Filter>grammar</Filter>
    </ClCompile>
    <ClCompile Include="grammar\antlr4.cpp">
      <Filter>grammar</Filter>
    </ClCompile>
  </ItemGroup>
  <ItemGroup>
    <None Include="grammar\bnf.peg">
      <Filter>grammar</Filter>
    </None>
    <None Include="grammar\wsn.peg">
      <Filter>grammar</Filter>
    </None>
    <None Include="cpp.hint" />
    <None Include="grammar\bnf.samples">
      <Filter>grammar</Filter>
    </None>
    <None Include="grammar\wsn.samples">
      <Filter>grammar</Filter>
    </None>
    <None Include="grammar\antlr4.peg">
      <Filter>grammar</Filter>
    </None>
    <None Include="grammar\antlr4.samples">
      <Filter>grammar</Filter>
    </None>
  </ItemGroup>
</Project>